
Microsoft Visual Studio Solution File, Format Version 12.00
# Visual Studio 2013
VisualStudioVersion = 12.0.31101.0
MinimumVisualStudioVersion = 10.0.40219.1
Project("{FAE04EC0-301F-11D3-BF4B-00C04F79EFBC}") = "StatAgent", "StatAgent\StatAgent.csproj", "{C4730446-7BED-4F75-AC68-44D2E3789A65}"
EndProject
Project("{FAE04EC0-301F-11D3-BF4B-00C04F79EFBC}") = "StatAgent.Lib", "StatAgent.lib\StatAgent.Lib.csproj", "{53A39125-2DD8-43D6-8332-597FD5D2599F}"
EndProject
Project("{FAE04EC0-301F-11D3-BF4B-00C04F79EFBC}") = "ServerStats.Test", "ServerStats.Test\ServerStats.Test.csproj", "{88C8F5D9-8C60-41D2-9E46-A0D354ACADD7}"
EndProject
Project("{FAE04EC0-301F-11D3-BF4B-00C04F79EFBC}") = "StatClient.Windows", "StatClient.Windows\StatClient.Windows.csproj", "{5E358ED3-FAA1-46F7-B8AA-B05E19EDD8DD}"
EndProject
Project("{FAE04EC0-301F-11D3-BF4B-00C04F79EFBC}") = "StatClient.Lib", "StatClient.Lib\StatClient.Lib.csproj", "{D261E418-EA6B-4829-9BAE-A19475EE8409}"
EndProject
Global
	GlobalSection(TeamFoundationVersionControl) = preSolution
		SccNumberOfProjects = 6
		SccEnterpriseProvider = {4CA58AB2-18FA-4F8D-95D4-32DDF27D184C}
		SccTeamFoundationServer = https://fangz4.visualstudio.com/defaultcollection
		SccProjectUniqueName0 = StatAgent\\StatAgent.csproj
		SccProjectName0 = StatAgent
		SccLocalPath0 = StatAgent
		SccProjectUniqueName1 = StatAgent.lib\\StatAgent.Lib.csproj
		SccProjectName1 = StatAgent.lib
		SccLocalPath1 = StatAgent.lib
		SccLocalPath2 = .
		SccProjectUniqueName3 = ServerStats.Test\\ServerStats.Test.csproj
		SccProjectName3 = ServerStats.Test
		SccLocalPath3 = ServerStats.Test
		SccProjectUniqueName4 = StatClient.Windows\\StatClient.Windows.csproj
		SccProjectName4 = StatClient.Windows
		SccLocalPath4 = StatClient.Windows
		SccProjectUniqueName5 = StatClient.Lib\\StatClient.Lib.csproj
		SccProjectName5 = StatClient.Lib
		SccLocalPath5 = StatClient.Lib
	EndGlobalSection
	GlobalSection(SolutionConfigurationPlatforms) = preSolution
		Debug|Any CPU = Debug|Any CPU
		Release|Any CPU = Release|Any CPU
	EndGlobalSection
	GlobalSection(ProjectConfigurationPlatforms) = postSolution
		{C4730446-7BED-4F75-AC68-44D2E3789A65}.Debug|Any CPU.ActiveCfg = Debug|Any CPU
		{C4730446-7BED-4F75-AC68-44D2E3789A65}.Debug|Any CPU.Build.0 = Debug|Any CPU
		{C4730446-7BED-4F75-AC68-44D2E3789A65}.Release|Any CPU.ActiveCfg = Release|Any CPU
		{C4730446-7BED-4F75-AC68-44D2E3789A65}.Release|Any CPU.Build.0 = Release|Any CPU
		{53A39125-2DD8-43D6-8332-597FD5D2599F}.Debug|Any CPU.ActiveCfg = Debug|Any CPU
		{53A39125-2DD8-43D6-8332-597FD5D2599F}.Debug|Any CPU.Build.0 = Debug|Any CPU
		{53A39125-2DD8-43D6-8332-597FD5D2599F}.Release|Any CPU.ActiveCfg = Release|Any CPU
		{53A39125-2DD8-43D6-8332-597FD5D2599F}.Release|Any CPU.Build.0 = Release|Any CPU
		{88C8F5D9-8C60-41D2-9E46-A0D354ACADD7}.Debug|Any CPU.ActiveCfg = Debug|Any CPU
		{88C8F5D9-8C60-41D2-9E46-A0D354ACADD7}.Debug|Any CPU.Build.0 = Debug|Any CPU
		{88C8F5D9-8C60-41D2-9E46-A0D354ACADD7}.Release|Any CPU.ActiveCfg = Release|Any CPU
		{88C8F5D9-8C60-41D2-9E46-A0D354ACADD7}.Release|Any CPU.Build.0 = Release|Any CPU
		{5E358ED3-FAA1-46F7-B8AA-B05E19EDD8DD}.Debug|Any CPU.ActiveCfg = Debug|Any CPU
		{5E358ED3-FAA1-46F7-B8AA-B05E19EDD8DD}.Debug|Any CPU.Build.0 = Debug|Any CPU
		{5E358ED3-FAA1-46F7-B8AA-B05E19EDD8DD}.Release|Any CPU.ActiveCfg = Release|Any CPU
		{5E358ED3-FAA1-46F7-B8AA-B05E19EDD8DD}.Release|Any CPU.Build.0 = Release|Any CPU
		{D261E418-EA6B-4829-9BAE-A19475EE8409}.Debug|Any CPU.ActiveCfg = Debug|Any CPU
		{D261E418-EA6B-4829-9BAE-A19475EE8409}.Debug|Any CPU.Build.0 = Debug|Any CPU
		{D261E418-EA6B-4829-9BAE-A19475EE8409}.Release|Any CPU.ActiveCfg = Release|Any CPU
		{D261E418-EA6B-4829-9BAE-A19475EE8409}.Release|Any CPU.Build.0 = Release|Any CPU
	EndGlobalSection
	GlobalSection(SolutionProperties) = preSolution
		HideSolutionNode = FALSE
	EndGlobalSection
EndGlobal
